Microsoft Visual Studio Solution File, Format Version 12.00
# Visual Studio 2012
Project("{FAE04EC0-301F-11D3-BF4B-00C04F79EFBC}") = "RPG", "RPG.csproj", "{4AE5272B-141D-4462-BB5D-280E1ADF82EE}"
EndProject
Global
	GlobalSection(SolutionConfigurationPlatforms) = preSolution
	Debug|Any CPU = Debug|Any CPU
	ExportDebug|Any CPU = ExportDebug|Any CPU
	ExportRelease|Any CPU = ExportRelease|Any CPU
	EndGlobalSection
	GlobalSection(ProjectConfigurationPlatforms) = postSolution
		{4AE5272B-141D-4462-BB5D-280E1ADF82EE}.Debug|Any CPU.ActiveCfg = Debug|Any CPU
		{4AE5272B-141D-4462-BB5D-280E1ADF82EE}.Debug|Any CPU.Build.0 = Debug|Any CPU
		{4AE5272B-141D-4462-BB5D-280E1ADF82EE}.ExportDebug|Any CPU.ActiveCfg = ExportDebug|Any CPU
		{4AE5272B-141D-4462-BB5D-280E1ADF82EE}.ExportDebug|Any CPU.Build.0 = ExportDebug|Any CPU
		{4AE5272B-141D-4462-BB5D-280E1ADF82EE}.ExportRelease|Any CPU.ActiveCfg = ExportRelease|Any CPU
		{4AE5272B-141D-4462-BB5D-280E1ADF82EE}.ExportRelease|Any CPU.Build.0 = ExportRelease|Any CPU
	EndGlobalSection
EndGlobal
